{
  "originHash" : "bb79aeeb87393545566be0305cc89c78efca31ea825952b305420e780a43c8d3",
  "pins" : [
    {
      "identity" : "gzipswift",
      "kind" : "remoteSourceControl",
      "location" : "https://github.com/1024jp/GzipSwift",
      "state" : {
        "revision" : "56bf51fdd2fe4b2cf254b2cf34aede3d7caccc6c",
        "version" : "6.1.0"
      }
    },
    {
      "identity" : "jinja",
      "kind" : "remoteSourceControl",
      "location" : "https://github.com/johnmai-dev/Jinja",
      "state" : {
        "revision" : "bbddb92fc51ae420b87300298370fd1dfc308f73",
        "version" : "1.1.1"
      }
    },
    {
      "identity" : "llamacppswift",
      "kind" : "remoteSourceControl",
      "location" : "https://github.com/FreeTokenAI/LlamaCppSwift",
      "state" : {
        "branch" : "main",
        "revision" : "43b4157778595853f9a7f6e3ff6f88f1877e8e2b"
      }
    },
    {
      "identity" : "onnxruntime-swift-package-manager",
      "kind" : "remoteSourceControl",
      "location" : "https://github.com/microsoft/onnxruntime-swift-package-manager",
      "state" : {
        "revision" : "12ce7374c86944e1f68f3a866d10105d8357f074",
        "version" : "1.20.0"
      }
    },
    {
      "identity" : "swift-argument-parser",
      "kind" : "remoteSourceControl",
      "location" : "https://github.com/apple/swift-argument-parser.git",
      "state" : {
        "revision" : "0fbc8848e389af3bb55c182bc19ca9d5dc2f255b",
        "version" : "1.4.0"
      }
    },
    {
      "identity" : "swift-collections",
      "kind" : "remoteSourceControl",
      "location" : "https://github.com/apple/swift-collections.git",
      "state" : {
        "revision" : "671108c96644956dddcd89dd59c203dcdb36cec7",
        "version" : "1.1.4"
      }
    },
    {
      "identity" : "swift-transformers",
      "kind" : "remoteSourceControl",
      "location" : "https://github.com/huggingface/swift-transformers",
      "state" : {
        "revision" : "be855fac725dbae27264e47a3eb535cc422a4ba8",
        "version" : "0.1.18"
      }
    }
  ],
  "version" : 3
}
